
Microsoft Visual Studio Solution File, Format Version 11.00
# Visual Studio 2010
Project("{F088123C-0E9E-452A-89E6-6BA2F21D5CAC}") = "UML", "UML\UML.modelproj", "{7A197E29-912D-490E-8EA6-5BF57864FD5C}"
EndProject
Global
	GlobalSection(SolutionConfigurationPlatforms) = preSolution
		Debug|Any CPU = Debug|Any CPU
		Release|Any CPU = Release|Any CPU
	EndGlobalSection
	GlobalSection(ProjectConfigurationPlatforms) = postSolution
		{7A197E29-912D-490E-8EA6-5BF57864FD5C}.Debug|Any CPU.ActiveCfg = Debug|Any CPU
		{7A197E29-912D-490E-8EA6-5BF57864FD5C}.Debug|Any CPU.Build.0 = Debug|Any CPU
		{7A197E29-912D-490E-8EA6-5BF57864FD5C}.Release|Any CPU.ActiveCfg = Release|Any CPU
		{7A197E29-912D-490E-8EA6-5BF57864FD5C}.Release|Any CPU.Build.0 = Release|Any CPU
	EndGlobalSection
	GlobalSection(SolutionProperties) = preSolution
		HideSolutionNode = FALSE
	EndGlobalSection
EndGlobal
