<?xml version="1.0" encoding="utf-8"?>
<Project ToolsVersion="4.0" xmlns="http://schemas.microsoft.com/developer/msbuild/2003">
  <ItemGroup>
    <Filter Include="Res">
      <UniqueIdentifier>{67DA6AB6-F800-4c08-8B7A-83BB121AAD01}</UniqueIdentifier>
      <Extensions>rc;ico;cur;bmp;dlg;rc2;rct;bin;rgs;gif;jpg;jpeg;jpe;resx;tiff;tif;png;wav;mfcribbon-ms</Extensions>
    </Filter>
    <Filter Include="Include">
      <UniqueIdentifier>{4FC737F1-C7A5-4376-A066-2A32D752A2FF}</UniqueIdentifier>
      <Extensions>cpp;c;cc;cxx;def;odl;idl;hpj;bat;asm;asmx</Extensions>
    </Filter>
    <Filter Include="Src">
      <UniqueIdentifier>{1c316bf6-57f0-49cb-9c2b-6a3652880049}</UniqueIdentifier>
    </Filter>
    <Filter Include="Src\tinyxml">
      <UniqueIdentifier>{ecc28c9c-8bd9-495b-9ac5-3c50fd5a119a}</UniqueIdentifier>
    </Filter>
  </ItemGroup>
  <ItemGroup>
    <None Include="small.ico">
      <Filter>Res</Filter>
    </None>
    <None Include="ThisIsASoftRenderer.ico">
      <Filter>Res</Filter>
    </None>
  </ItemGroup>
  <ItemGroup>
    <ResourceCompile Include="ThisIsASoftRenderer.rc">
      <Filter>Res</Filter>
    </ResourceCompile>
  </ItemGroup>
  <ItemGroup>
    <ClInclude Include="Code\Include\Renderer.h">
      <Filter>Include</Filter>
    </ClInclude>
    <ClInclude Include="Code\Include\stdafx.h">
      <Filter>Include</Filter>
    </ClInclude>
    <ClInclude Include="Resource.h">
      <Filter>Include</Filter>
    </ClInclude>
    <ClInclude Include="targetver.h">
      <Filter>Include</Filter>
    </ClInclude>
    <ClInclude Include="Code\Include\PixelBox.h">
      <Filter>Include</Filter>
    </ClInclude>
    <ClInclude Include="Code\Include\Camera.h">
      <Filter>Include</Filter>
    </ClInclude>
    <ClInclude Include="Code\Include\MathDef.h">
      <Filter>Include</Filter>
    </ClInclude>
    <ClInclude Include="Code\Include\Rasterizer.h">
      <Filter>Include</Filter>
    </ClInclude>
    <ClInclude Include="Code\Include\GeometryDef.h">
      <Filter>Include</Filter>
    </ClInclude>
    <ClInclude Include="Code\Include\OgreMeshLoader.h">
      <Filter>Include</Filter>
    </ClInclude>
    <ClInclude Include="Code\tinyxml\tinystr.h">
      <Filter>Src\tinyxml</Filter>
    </ClInclude>
    <ClInclude Include="Code\tinyxml\tinyxml.h">
      <Filter>Src\tinyxml</Filter>
    </ClInclude>
    <ClInclude Include="Code\Include\Utility.h">
      <Filter>Include</Filter>
    </ClInclude>
    <ClInclude Include="Code\Include\ObjMeshLoader.h">
      <Filter>Include</Filter>
    </ClInclude>
    <ClInclude Include="Code\Include\MeshLoaderBase.h">
      <Filter>Include</Filter>
    </ClInclude>
    <ClInclude Include="Code\Include\AABB.h">
      <Filter>Include</Filter>
    </ClInclude>
    <ClInclude Include="Code\Include\RenderObject.h">
      <Filter>Include</Filter>
    </ClInclude>
    <ClInclude Include="Code\Include\Prerequiestity.h">
      <Filter>Include</Filter>
    </ClInclude>
    <ClInclude Include="Code\Include\Scene.h">
      <Filter>Include</Filter>
    </ClInclude>
  </ItemGroup>
  <ItemGroup>
    <ClCompile Include="Code\Src\Renderer.cpp">
      <Filter>Src</Filter>
    </ClCompile>
    <ClCompile Include="Code\Src\stdafx.cpp">
      <Filter>Src</Filter>
    </ClCompile>
    <ClCompile Include="Code\Src\ThisIsASoftRenderer.cpp">
      <Filter>Src</Filter>
    </ClCompile>
    <ClCompile Include="Code\Src\PixelBox.cpp">
      <Filter>Src</Filter>
    </ClCompile>
    <ClCompile Include="Code\Src\Camera.cpp">
      <Filter>Src</Filter>
    </ClCompile>
    <ClCompile Include="Code\Src\MathDef.cpp">
      <Filter>Src</Filter>
    </ClCompile>
    <ClCompile Include="Code\Src\Rasterizer.cpp">
      <Filter>Src</Filter>
    </ClCompile>
    <ClCompile Include="Code\Src\RenderUtil.cpp">
      <Filter>Src</Filter>
    </ClCompile>
    <ClCompile Include="Code\Src\OgreMeshLoader.cpp">
      <Filter>Src</Filter>
    </ClCompile>
    <ClCompile Include="Code\tinyxml\tinystr.cpp">
      <Filter>Src\tinyxml</Filter>
    </ClCompile>
    <ClCompile Include="Code\tinyxml\tinyxml.cpp">
      <Filter>Src\tinyxml</Filter>
    </ClCompile>
    <ClCompile Include="Code\tinyxml\tinyxmlerror.cpp">
      <Filter>Src\tinyxml</Filter>
    </ClCompile>
    <ClCompile Include="Code\tinyxml\tinyxmlparser.cpp">
      <Filter>Src\tinyxml</Filter>
    </ClCompile>
    <ClCompile Include="Code\Src\Utility.cpp">
      <Filter>Src</Filter>
    </ClCompile>
    <ClCompile Include="Code\Src\GeometryDef.cpp">
      <Filter>Src</Filter>
    </ClCompile>
    <ClCompile Include="Code\Src\ObjMeshLoader.cpp">
      <Filter>Src</Filter>
    </ClCompile>
    <ClCompile Include="Code\Src\MeshLoaderBase.cpp">
      <Filter>Src</Filter>
    </ClCompile>
    <ClCompile Include="Code\Src\AABB.cpp">
      <Filter>Src</Filter>
    </ClCompile>
    <ClCompile Include="Code\Src\RenderObject.cpp">
      <Filter>Src</Filter>
    </ClCompile>
    <ClCompile Include="Code\Src\Scene.cpp">
      <Filter>Src</Filter>
    </ClCompile>
    <ClCompile Include="Code\Src\TestScene.cpp">
      <Filter>Src</Filter>
    </ClCompile>
  </ItemGroup>
</Project>