<?xml version="1.0" encoding="utf-8"?>
<Project ToolsVersion="4.0" xmlns="http://schemas.microsoft.com/developer/msbuild/2003">
  <ItemGroup>
    <Filter Include="Include">
      <UniqueIdentifier>{4FC737F1-C7A5-4376-A066-2A32D752A2FF}</UniqueIdentifier>
      <Extensions>cpp;c;cc;cxx;def;odl;idl;hpj;bat;asm;asmx</Extensions>
    </Filter>
    <Filter Include="Src">
      <UniqueIdentifier>{1c316bf6-57f0-49cb-9c2b-6a3652880049}</UniqueIdentifier>
    </Filter>
    <Filter Include="Res">
      <UniqueIdentifier>{d24fa59b-e942-4d31-b36c-d74d57df1df7}</UniqueIdentifier>
    </Filter>
    <Filter Include="ThreadPool">
      <UniqueIdentifier>{9573ee6b-01a2-469c-aeac-da7c625a8033}</UniqueIdentifier>
    </Filter>
    <Filter Include="Src\tinyxml">
      <UniqueIdentifier>{432c8b0d-444f-47b8-b56b-9c8060cc505d}</UniqueIdentifier>
    </Filter>
  </ItemGroup>
  <ItemGroup>
    <ClInclude Include="Code\Include\Renderer.h">
      <Filter>Include</Filter>
    </ClInclude>
    <ClInclude Include="Code\Include\stdafx.h">
      <Filter>Include</Filter>
    </ClInclude>
    <ClInclude Include="Resource.h">
      <Filter>Include</Filter>
    </ClInclude>
    <ClInclude Include="targetver.h">
      <Filter>Include</Filter>
    </ClInclude>
    <ClInclude Include="Code\Include\PixelBox.h">
      <Filter>Include</Filter>
    </ClInclude>
    <ClInclude Include="Code\Include\Camera.h">
      <Filter>Include</Filter>
    </ClInclude>
    <ClInclude Include="Code\Include\MathDef.h">
      <Filter>Include</Filter>
    </ClInclude>
    <ClInclude Include="Code\Include\Rasterizer.h">
      <Filter>Include</Filter>
    </ClInclude>
    <ClInclude Include="Code\Include\GeometryDef.h">
      <Filter>Include</Filter>
    </ClInclude>
    <ClInclude Include="Code\Include\OgreMeshLoader.h">
      <Filter>Include</Filter>
    </ClInclude>
    <ClInclude Include="Code\Include\Utility.h">
      <Filter>Include</Filter>
    </ClInclude>
    <ClInclude Include="Code\Include\ObjMeshLoader.h">
      <Filter>Include</Filter>
    </ClInclude>
    <ClInclude Include="Code\Include\MeshLoaderBase.h">
      <Filter>Include</Filter>
    </ClInclude>
    <ClInclude Include="Code\Include\AABB.h">
      <Filter>Include</Filter>
    </ClInclude>
    <ClInclude Include="Code\Include\RenderObject.h">
      <Filter>Include</Filter>
    </ClInclude>
    <ClInclude Include="Code\Include\Prerequiestity.h">
      <Filter>Include</Filter>
    </ClInclude>
    <ClInclude Include="Code\Include\Scene.h">
      <Filter>Include</Filter>
    </ClInclude>
    <ClInclude Include="Code\Include\Color.h">
      <Filter>Include</Filter>
    </ClInclude>
    <ClInclude Include="Code\Include\Profiler.h">
      <Filter>Include</Filter>
    </ClInclude>
    <ClInclude Include="Code\Include\RenderUtil.h">
      <Filter>Include</Filter>
    </ClInclude>
    <ClInclude Include="Code\ThreadPool\ftlFake.h">
      <Filter>ThreadPool</Filter>
    </ClInclude>
    <ClInclude Include="Code\ThreadPool\ftlThread.h">
      <Filter>ThreadPool</Filter>
    </ClInclude>
    <ClInclude Include="Code\ThreadPool\ftlThreadPool.h">
      <Filter>ThreadPool</Filter>
    </ClInclude>
    <ClInclude Include="Code\ThreadPool\ftlThreadPool.hpp">
      <Filter>ThreadPool</Filter>
    </ClInclude>
    <ClInclude Include="Code\ThreadPool\MyJob.h">
      <Filter>ThreadPool</Filter>
    </ClInclude>
    <ClInclude Include="Code\tinyxml\tinystr.h">
      <Filter>Src\tinyxml</Filter>
    </ClInclude>
    <ClInclude Include="Code\tinyxml\tinyxml.h">
      <Filter>Src\tinyxml</Filter>
    </ClInclude>
    <ClInclude Include="Code\Include\RayTracer.h">
      <Filter>Include</Filter>
    </ClInclude>
    <ClInclude Include="Code\Include\Intersection.h">
      <Filter>Include</Filter>
    </ClInclude>
    <ClInclude Include="Code\Include\LightMapper.h">
      <Filter>Include</Filter>
    </ClInclude>
  </ItemGroup>
  <ItemGroup>
    <ClCompile Include="Code\Src\Renderer.cpp">
      <Filter>Src</Filter>
    </ClCompile>
    <ClCompile Include="Code\Src\stdafx.cpp">
      <Filter>Src</Filter>
    </ClCompile>
    <ClCompile Include="Code\Src\ThisIsASoftRenderer.cpp">
      <Filter>Src</Filter>
    </ClCompile>
    <ClCompile Include="Code\Src\PixelBox.cpp">
      <Filter>Src</Filter>
    </ClCompile>
    <ClCompile Include="Code\Src\Camera.cpp">
      <Filter>Src</Filter>
    </ClCompile>
    <ClCompile Include="Code\Src\MathDef.cpp">
      <Filter>Src</Filter>
    </ClCompile>
    <ClCompile Include="Code\Src\OgreMeshLoader.cpp">
      <Filter>Src</Filter>
    </ClCompile>
    <ClCompile Include="Code\Src\Utility.cpp">
      <Filter>Src</Filter>
    </ClCompile>
    <ClCompile Include="Code\Src\GeometryDef.cpp">
      <Filter>Src</Filter>
    </ClCompile>
    <ClCompile Include="Code\Src\ObjMeshLoader.cpp">
      <Filter>Src</Filter>
    </ClCompile>
    <ClCompile Include="Code\Src\MeshLoaderBase.cpp">
      <Filter>Src</Filter>
    </ClCompile>
    <ClCompile Include="Code\Src\AABB.cpp">
      <Filter>Src</Filter>
    </ClCompile>
    <ClCompile Include="Code\Src\RenderObject.cpp">
      <Filter>Src</Filter>
    </ClCompile>
    <ClCompile Include="Code\Src\Scene.cpp">
      <Filter>Src</Filter>
    </ClCompile>
    <ClCompile Include="Code\Src\TestScene.cpp">
      <Filter>Src</Filter>
    </ClCompile>
    <ClCompile Include="Code\Src\Profiler.cpp">
      <Filter>Src</Filter>
    </ClCompile>
    <ClCompile Include="Code\Src\RenderUtil_Common.cpp">
      <Filter>Src</Filter>
    </ClCompile>
    <ClCompile Include="Code\Src\RenderUtil_Rasterize.cpp">
      <Filter>Src</Filter>
    </ClCompile>
    <ClCompile Include="Code\Src\Rasterizer_BlinnPhong.cpp">
      <Filter>Src</Filter>
    </ClCompile>
    <ClCompile Include="Code\Src\Rasterizer_Flat.cpp">
      <Filter>Src</Filter>
    </ClCompile>
    <ClCompile Include="Code\Src\Rasterizer_Gouraud.cpp">
      <Filter>Src</Filter>
    </ClCompile>
    <ClCompile Include="Code\Src\Rasterizer_TexturedGouraud.cpp">
      <Filter>Src</Filter>
    </ClCompile>
    <ClCompile Include="Code\Src\Rasterizer_Wireframe.cpp">
      <Filter>Src</Filter>
    </ClCompile>
    <ClCompile Include="Code\Src\Rasterizer.cpp">
      <Filter>Src</Filter>
    </ClCompile>
    <ClCompile Include="Code\Src\Rasterizer_NormalMap.cpp">
      <Filter>Src</Filter>
    </ClCompile>
    <ClCompile Include="Code\ThreadPool\ftlThread.cpp">
      <Filter>ThreadPool</Filter>
    </ClCompile>
    <ClCompile Include="Code\ThreadPool\MyJob.cpp">
      <Filter>ThreadPool</Filter>
    </ClCompile>
    <ClCompile Include="Code\tinyxml\tinystr.cpp">
      <Filter>Src\tinyxml</Filter>
    </ClCompile>
    <ClCompile Include="Code\tinyxml\tinyxml.cpp">
      <Filter>Src\tinyxml</Filter>
    </ClCompile>
    <ClCompile Include="Code\tinyxml\tinyxmlerror.cpp">
      <Filter>Src\tinyxml</Filter>
    </ClCompile>
    <ClCompile Include="Code\tinyxml\tinyxmlparser.cpp">
      <Filter>Src\tinyxml</Filter>
    </ClCompile>
    <ClCompile Include="Code\Src\RayTracer.cpp">
      <Filter>Src</Filter>
    </ClCompile>
    <ClCompile Include="Code\Src\Intersection.cpp">
      <Filter>Src</Filter>
    </ClCompile>
    <ClCompile Include="Code\Src\LightMapper.cpp">
      <Filter>Src</Filter>
    </ClCompile>
    <ClCompile Include="Code\Src\Rasterizer_LightMap.cpp">
      <Filter>Src</Filter>
    </ClCompile>
  </ItemGroup>
  <ItemGroup>
    <ResourceCompile Include="ThisIsASoftRenderer.rc">
      <Filter>Res</Filter>
    </ResourceCompile>
  </ItemGroup>
  <ItemGroup>
    <None Include="small.ico">
      <Filter>Res</Filter>
    </None>
    <None Include="ThisIsASoftRenderer.ico">
      <Filter>Res</Filter>
    </None>
    <None Include="Code\Include\MathDef.inl">
      <Filter>Include</Filter>
    </None>
    <None Include="Code\Include\Intersection.inl">
      <Filter>Include</Filter>
    </None>
  </ItemGroup>
</Project>